
Microsoft Visual Studio Solution File, Format Version 12.00
# Visual Studio Version 17
VisualStudioVersion = 17.12.35707.178
MinimumVisualStudioVersion = 10.0.40219.1
Project("{FAE04EC0-301F-11D3-BF4B-00C04F79EFBC}") = "ASFA", "ASFA.csproj", "{0A3B7797-F1B0-47FC-9DEC-811771EF9985}"
EndProject
Global
	GlobalSection(SolutionConfigurationPlatforms) = preSolution
		Debug|Any CPU = Debug|Any CPU
		Release|Any CPU = Release|Any CPU
	EndGlobalSection
	GlobalSection(ProjectConfigurationPlatforms) = postSolution
		{0A3B7797-F1B0-47FC-9DEC-811771EF9985}.Debug|Any CPU.ActiveCfg = Debug|Any CPU
		{0A3B7797-F1B0-47FC-9DEC-811771EF9985}.Debug|Any CPU.Build.0 = Debug|Any CPU
		{0A3B7797-F1B0-47FC-9DEC-811771EF9985}.Release|Any CPU.ActiveCfg = Release|Any CPU
		{0A3B7797-F1B0-47FC-9DEC-811771EF9985}.Release|Any CPU.Build.0 = Release|Any CPU
	EndGlobalSection
	GlobalSection(SolutionProperties) = preSolution
		HideSolutionNode = FALSE
	EndGlobalSection
	GlobalSection(ExtensibilityGlobals) = postSolution
		SolutionGuid = {4F12EC4E-57A0-45B7-A123-9FC7CDDD3033}
	EndGlobalSection
EndGlobal
